
Microsoft Visual Studio Solution File, Format Version 12.00
# Visual Studio Version 17
VisualStudioVersion = 17.11.35208.52
MinimumVisualStudioVersion = 10.0.40219.1
Project("{9A19103F-16F7-4668-BE54-9A1E7A4F7556}") = "Domain", "Domain\Domain.csproj", "{E5DC452C-D30D-4AAB-9166-9CD28226DB09}"
EndProject
Project("{2150E333-8FDC-42A3-9474-1A3956D46DE8}") = "Source", "Source", "{30189029-C78B-4E37-A357-75FCB75BD572}"
EndProject
Project("{2150E333-8FDC-42A3-9474-1A3956D46DE8}") = "Core", "Core", "{A75BCA51-E12F-467E-93D4-CABFDD27CF3C}"
EndProject
Project("{2150E333-8FDC-42A3-9474-1A3956D46DE8}") = "Shared", "Shared", "{A0D585D4-8E63-477C-91AE-63AFDC59C3E8}"
EndProject
Project("{9A19103F-16F7-4668-BE54-9A1E7A4F7556}") = "Shared", "Shared\Shared.csproj", "{F05BB76A-54E2-4B97-BCB2-EE6EFB5D96AD}"
EndProject
Project("{9A19103F-16F7-4668-BE54-9A1E7A4F7556}") = "Infrastructure", "Infrastructure\Infrastructure.csproj", "{49075F03-198E-4DAE-A735-216099FEC1D4}"
EndProject
Project("{9A19103F-16F7-4668-BE54-9A1E7A4F7556}") = "Application", "Application\Application.csproj", "{CD4B3A72-8704-46B3-8994-909DFCF4423F}"
EndProject
Project("{9A19103F-16F7-4668-BE54-9A1E7A4F7556}") = "EndPoints", "EndPoints\EndPoints.csproj", "{6039742A-0816-417B-B2B0-34E6B6DB59D0}"
EndProject
Project("{9A19103F-16F7-4668-BE54-9A1E7A4F7556}") = "Yarp.LoadBalancer", "Yarp.LoadBalancer\Yarp.LoadBalancer.csproj", "{69CDF1D8-A3EE-4599-95C2-CA18ED5B0C1F}"
EndProject
Project("{2150E333-8FDC-42A3-9474-1A3956D46DE8}") = "ApiGatway", "ApiGatway", "{1C6B29B6-8A1F-4F90-A13F-73920FF627CE}"
EndProject
Project("{2150E333-8FDC-42A3-9474-1A3956D46DE8}") = "Apis", "Apis", "{CD27DF94-C802-43F6-8459-CEF9BA8DF9BC}"
EndProject
Project("{2150E333-8FDC-42A3-9474-1A3956D46DE8}") = "Client", "Client", "{808BDF46-4956-41C9-8F85-05D8EDBDA7FE}"
EndProject
Project("{54A90642-561A-4BB1-A94E-469ADEE60C69}") = "spendwise-client", "reactproject\spendwise-client.esproj", "{5B4AF792-D9F3-4431-AE01-B27F622E8F53}"
EndProject
Global
	GlobalSection(SolutionConfigurationPlatforms) = preSolution
		Debug|Any CPU = Debug|Any CPU
		Release|Any CPU = Release|Any CPU
	EndGlobalSection
	GlobalSection(ProjectConfigurationPlatforms) = postSolution
		{E5DC452C-D30D-4AAB-9166-9CD28226DB09}.Debug|Any CPU.ActiveCfg = Debug|Any CPU
		{E5DC452C-D30D-4AAB-9166-9CD28226DB09}.Debug|Any CPU.Build.0 = Debug|Any CPU
		{E5DC452C-D30D-4AAB-9166-9CD28226DB09}.Release|Any CPU.ActiveCfg = Release|Any CPU
		{E5DC452C-D30D-4AAB-9166-9CD28226DB09}.Release|Any CPU.Build.0 = Release|Any CPU
		{F05BB76A-54E2-4B97-BCB2-EE6EFB5D96AD}.Debug|Any CPU.ActiveCfg = Debug|Any CPU
		{F05BB76A-54E2-4B97-BCB2-EE6EFB5D96AD}.Debug|Any CPU.Build.0 = Debug|Any CPU
		{F05BB76A-54E2-4B97-BCB2-EE6EFB5D96AD}.Release|Any CPU.ActiveCfg = Release|Any CPU
		{F05BB76A-54E2-4B97-BCB2-EE6EFB5D96AD}.Release|Any CPU.Build.0 = Release|Any CPU
		{49075F03-198E-4DAE-A735-216099FEC1D4}.Debug|Any CPU.ActiveCfg = Debug|Any CPU
		{49075F03-198E-4DAE-A735-216099FEC1D4}.Debug|Any CPU.Build.0 = Debug|Any CPU
		{49075F03-198E-4DAE-A735-216099FEC1D4}.Release|Any CPU.ActiveCfg = Release|Any CPU
		{49075F03-198E-4DAE-A735-216099FEC1D4}.Release|Any CPU.Build.0 = Release|Any CPU
		{CD4B3A72-8704-46B3-8994-909DFCF4423F}.Debug|Any CPU.ActiveCfg = Debug|Any CPU
		{CD4B3A72-8704-46B3-8994-909DFCF4423F}.Debug|Any CPU.Build.0 = Debug|Any CPU
		{CD4B3A72-8704-46B3-8994-909DFCF4423F}.Release|Any CPU.ActiveCfg = Release|Any CPU
		{CD4B3A72-8704-46B3-8994-909DFCF4423F}.Release|Any CPU.Build.0 = Release|Any CPU
		{6039742A-0816-417B-B2B0-34E6B6DB59D0}.Debug|Any CPU.ActiveCfg = Debug|Any CPU
		{6039742A-0816-417B-B2B0-34E6B6DB59D0}.Debug|Any CPU.Build.0 = Debug|Any CPU
		{6039742A-0816-417B-B2B0-34E6B6DB59D0}.Release|Any CPU.ActiveCfg = Release|Any CPU
		{6039742A-0816-417B-B2B0-34E6B6DB59D0}.Release|Any CPU.Build.0 = Release|Any CPU
		{69CDF1D8-A3EE-4599-95C2-CA18ED5B0C1F}.Debug|Any CPU.ActiveCfg = Debug|Any CPU
		{69CDF1D8-A3EE-4599-95C2-CA18ED5B0C1F}.Debug|Any CPU.Build.0 = Debug|Any CPU
		{69CDF1D8-A3EE-4599-95C2-CA18ED5B0C1F}.Release|Any CPU.ActiveCfg = Release|Any CPU
		{69CDF1D8-A3EE-4599-95C2-CA18ED5B0C1F}.Release|Any CPU.Build.0 = Release|Any CPU
		{5B4AF792-D9F3-4431-AE01-B27F622E8F53}.Debug|Any CPU.ActiveCfg = Debug|Any CPU
		{5B4AF792-D9F3-4431-AE01-B27F622E8F53}.Debug|Any CPU.Build.0 = Debug|Any CPU
		{5B4AF792-D9F3-4431-AE01-B27F622E8F53}.Debug|Any CPU.Deploy.0 = Debug|Any CPU
		{5B4AF792-D9F3-4431-AE01-B27F622E8F53}.Release|Any CPU.ActiveCfg = Release|Any CPU
		{5B4AF792-D9F3-4431-AE01-B27F622E8F53}.Release|Any CPU.Build.0 = Release|Any CPU
		{5B4AF792-D9F3-4431-AE01-B27F622E8F53}.Release|Any CPU.Deploy.0 = Release|Any CPU
	EndGlobalSection
	GlobalSection(SolutionProperties) = preSolution
		HideSolutionNode = FALSE
	EndGlobalSection
	GlobalSection(NestedProjects) = preSolution
		{E5DC452C-D30D-4AAB-9166-9CD28226DB09} = {A75BCA51-E12F-467E-93D4-CABFDD27CF3C}
		{A75BCA51-E12F-467E-93D4-CABFDD27CF3C} = {30189029-C78B-4E37-A357-75FCB75BD572}
		{A0D585D4-8E63-477C-91AE-63AFDC59C3E8} = {30189029-C78B-4E37-A357-75FCB75BD572}
		{F05BB76A-54E2-4B97-BCB2-EE6EFB5D96AD} = {A0D585D4-8E63-477C-91AE-63AFDC59C3E8}
		{49075F03-198E-4DAE-A735-216099FEC1D4} = {30189029-C78B-4E37-A357-75FCB75BD572}
		{CD4B3A72-8704-46B3-8994-909DFCF4423F} = {A75BCA51-E12F-467E-93D4-CABFDD27CF3C}
		{6039742A-0816-417B-B2B0-34E6B6DB59D0} = {CD27DF94-C802-43F6-8459-CEF9BA8DF9BC}
		{69CDF1D8-A3EE-4599-95C2-CA18ED5B0C1F} = {1C6B29B6-8A1F-4F90-A13F-73920FF627CE}
		{1C6B29B6-8A1F-4F90-A13F-73920FF627CE} = {30189029-C78B-4E37-A357-75FCB75BD572}
		{CD27DF94-C802-43F6-8459-CEF9BA8DF9BC} = {30189029-C78B-4E37-A357-75FCB75BD572}
		{808BDF46-4956-41C9-8F85-05D8EDBDA7FE} = {30189029-C78B-4E37-A357-75FCB75BD572}
		{5B4AF792-D9F3-4431-AE01-B27F622E8F53} = {808BDF46-4956-41C9-8F85-05D8EDBDA7FE}
	EndGlobalSection
	GlobalSection(ExtensibilityGlobals) = postSolution
		SolutionGuid = {9B1E8377-0C39-4CE9-9B0F-BA8EE43A93CA}
	EndGlobalSection
EndGlobal
